
Microsoft Visual Studio Solution File, Format Version 12.00
# Visual Studio 14
VisualStudioVersion = 14.0.25420.1
MinimumVisualStudioVersion = 10.0.40219.1
Project("{FAE04EC0-301F-11D3-BF4B-00C04F79EFBC}") = "PostcodeLibrary", "PostcodeLibrary\PostcodeLibrary.csproj", "{9C7C1A6B-37A1-4220-ABF9-7C22B3A8D27D}"
EndProject
Project("{FAE04EC0-301F-11D3-BF4B-00C04F79EFBC}") = "PostcodeLibraryTests", "PostcodeLibraryTests\PostcodeLibraryTests.csproj", "{2771EEE1-A819-4F8E-8761-C640DE8BBD30}"
EndProject
Project("{2150E333-8FDC-42A3-9474-1A3956D46DE8}") = "Solution Items", "Solution Items", "{3D954B65-CC3C-41B4-9B31-7BBC363A49C5}"
	ProjectSection(SolutionItems) = preProject
		ReadMe.md = ReadMe.md
	EndProjectSection
EndProject
Global
	GlobalSection(SolutionConfigurationPlatforms) = preSolution
		Debug|Any CPU = Debug|Any CPU
		Release|Any CPU = Release|Any CPU
	EndGlobalSection
	GlobalSection(ProjectConfigurationPlatforms) = postSolution
		{9C7C1A6B-37A1-4220-ABF9-7C22B3A8D27D}.Debug|Any CPU.ActiveCfg = Debug|Any CPU
		{9C7C1A6B-37A1-4220-ABF9-7C22B3A8D27D}.Debug|Any CPU.Build.0 = Debug|Any CPU
		{9C7C1A6B-37A1-4220-ABF9-7C22B3A8D27D}.Release|Any CPU.ActiveCfg = Release|Any CPU
		{9C7C1A6B-37A1-4220-ABF9-7C22B3A8D27D}.Release|Any CPU.Build.0 = Release|Any CPU
		{2771EEE1-A819-4F8E-8761-C640DE8BBD30}.Debug|Any CPU.ActiveCfg = Debug|Any CPU
		{2771EEE1-A819-4F8E-8761-C640DE8BBD30}.Debug|Any CPU.Build.0 = Debug|Any CPU
		{2771EEE1-A819-4F8E-8761-C640DE8BBD30}.Release|Any CPU.ActiveCfg = Release|Any CPU
		{2771EEE1-A819-4F8E-8761-C640DE8BBD30}.Release|Any CPU.Build.0 = Release|Any CPU
	EndGlobalSection
	GlobalSection(SolutionProperties) = preSolution
		HideSolutionNode = FALSE
	EndGlobalSection
EndGlobal
